
Microsoft Visual Studio Solution File, Format Version 12.00
# Visual Studio Express 2012 for Windows Desktop
Project("{FAE04EC0-301F-11D3-BF4B-00C04F79EFBC}") = "ForcedPerspective", "ForcedPerspective\ForcedPerspective.csproj", "{72C1B70D-32E5-40DD-8562-66564C3C4815}"
EndProject
Global
	GlobalSection(SolutionConfigurationPlatforms) = preSolution
		Debug|Any CPU = Debug|Any CPU
		Release|Any CPU = Release|Any CPU
	EndGlobalSection
	GlobalSection(ProjectConfigurationPlatforms) = postSolution
		{72C1B70D-32E5-40DD-8562-66564C3C4815}.Debug|Any CPU.ActiveCfg = Debug|Any CPU
		{72C1B70D-32E5-40DD-8562-66564C3C4815}.Debug|Any CPU.Build.0 = Debug|Any CPU
		{72C1B70D-32E5-40DD-8562-66564C3C4815}.Release|Any CPU.ActiveCfg = Release|Any CPU
		{72C1B70D-32E5-40DD-8562-66564C3C4815}.Release|Any CPU.Build.0 = Release|Any CPU
	EndGlobalSection
	GlobalSection(SolutionProperties) = preSolution
		HideSolutionNode = FALSE
	EndGlobalSection
EndGlobal
